
Microsoft Visual Studio Solution File, Format Version 12.00
# Visual Studio 15
VisualStudioVersion = 15.0.26730.15
MinimumVisualStudioVersion = 10.0.40219.1
Project("{FAE04EC0-301F-11D3-BF4B-00C04F79EFBC}") = "dps2.Android", "dps2\dps2.Android\dps2.Android.csproj", "{FBAA139A-4A67-4CFF-8C12-91670E89A34C}"
EndProject
Project("{FAE04EC0-301F-11D3-BF4B-00C04F79EFBC}") = "dps2", "dps2\dps2\dps2.csproj", "{EA8F7D94-4C9C-410E-95BF-E9C0400DCBB4}"
EndProject
Project("{FAE04EC0-301F-11D3-BF4B-00C04F79EFBC}") = "dps2.iOS", "dps2\dps2.iOS\dps2.iOS.csproj", "{20AAB0AB-7CE5-4767-AF69-0190D3D92A95}"
EndProject
Global
	GlobalSection(SolutionConfigurationPlatforms) = preSolution
		Ad-Hoc|Any CPU = Ad-Hoc|Any CPU
		Ad-Hoc|iPhone = Ad-Hoc|iPhone
		Ad-Hoc|iPhoneSimulator = Ad-Hoc|iPhoneSimulator
		AppStore|Any CPU = AppStore|Any CPU
		AppStore|iPhone = AppStore|iPhone
		AppStore|iPhoneSimulator = AppStore|iPhoneSimulator
		Debug|Any CPU = Debug|Any CPU
		Debug|iPhone = Debug|iPhone
		Debug|iPhoneSimulator = Debug|iPhoneSimulator
		Release|Any CPU = Release|Any CPU
		Release|iPhone = Release|iPhone
		Release|iPhoneSimulator = Release|iPhoneSimulator
	EndGlobalSection
	GlobalSection(ProjectConfigurationPlatforms) = postSolution
		{FBAA139A-4A67-4CFF-8C12-91670E89A34C}.Ad-Hoc|Any CPU.ActiveCfg = Release|Any CPU
		{FBAA139A-4A67-4CFF-8C12-91670E89A34C}.Ad-Hoc|Any CPU.Build.0 = Release|Any CPU
		{FBAA139A-4A67-4CFF-8C12-91670E89A34C}.Ad-Hoc|Any CPU.Deploy.0 = Release|Any CPU
		{FBAA139A-4A67-4CFF-8C12-91670E89A34C}.Ad-Hoc|iPhone.ActiveCfg = Release|Any CPU
		{FBAA139A-4A67-4CFF-8C12-91670E89A34C}.Ad-Hoc|iPhone.Build.0 = Release|Any CPU
		{FBAA139A-4A67-4CFF-8C12-91670E89A34C}.Ad-Hoc|iPhone.Deploy.0 = Release|Any CPU
		{FBAA139A-4A67-4CFF-8C12-91670E89A34C}.Ad-Hoc|iPhoneSimulator.ActiveCfg = Release|Any CPU
		{FBAA139A-4A67-4CFF-8C12-91670E89A34C}.Ad-Hoc|iPhoneSimulator.Build.0 = Release|Any CPU
		{FBAA139A-4A67-4CFF-8C12-91670E89A34C}.Ad-Hoc|iPhoneSimulator.Deploy.0 = Release|Any CPU
		{FBAA139A-4A67-4CFF-8C12-91670E89A34C}.AppStore|Any CPU.ActiveCfg = Release|Any CPU
		{FBAA139A-4A67-4CFF-8C12-91670E89A34C}.AppStore|Any CPU.Build.0 = Release|Any CPU
		{FBAA139A-4A67-4CFF-8C12-91670E89A34C}.AppStore|Any CPU.Deploy.0 = Release|Any CPU
		{FBAA139A-4A67-4CFF-8C12-91670E89A34C}.AppStore|iPhone.ActiveCfg = Release|Any CPU
		{FBAA139A-4A67-4CFF-8C12-91670E89A34C}.AppStore|iPhone.Build.0 = Release|Any CPU
		{FBAA139A-4A67-4CFF-8C12-91670E89A34C}.AppStore|iPhone.Deploy.0 = Release|Any CPU
		{FBAA139A-4A67-4CFF-8C12-91670E89A34C}.AppStore|iPhoneSimulator.ActiveCfg = Release|Any CPU
		{FBAA139A-4A67-4CFF-8C12-91670E89A34C}.AppStore|iPhoneSimulator.Build.0 = Release|Any CPU
		{FBAA139A-4A67-4CFF-8C12-91670E89A34C}.AppStore|iPhoneSimulator.Deploy.0 = Release|Any CPU
		{FBAA139A-4A67-4CFF-8C12-91670E89A34C}.Debug|Any CPU.ActiveCfg = Debug|Any CPU
		{FBAA139A-4A67-4CFF-8C12-91670E89A34C}.Debug|Any CPU.Build.0 = Debug|Any CPU
		{FBAA139A-4A67-4CFF-8C12-91670E89A34C}.Debug|Any CPU.Deploy.0 = Debug|Any CPU
		{FBAA139A-4A67-4CFF-8C12-91670E89A34C}.Debug|iPhone.ActiveCfg = Debug|Any CPU
		{FBAA139A-4A67-4CFF-8C12-91670E89A34C}.Debug|iPhone.Build.0 = Debug|Any CPU
		{FBAA139A-4A67-4CFF-8C12-91670E89A34C}.Debug|iPhone.Deploy.0 = Debug|Any CPU
		{FBAA139A-4A67-4CFF-8C12-91670E89A34C}.Debug|iPhoneSimulator.ActiveCfg = Debug|Any CPU
		{FBAA139A-4A67-4CFF-8C12-91670E89A34C}.Debug|iPhoneSimulator.Build.0 = Debug|Any CPU
		{FBAA139A-4A67-4CFF-8C12-91670E89A34C}.Debug|iPhoneSimulator.Deploy.0 = Debug|Any CPU
		{FBAA139A-4A67-4CFF-8C12-91670E89A34C}.Release|Any CPU.ActiveCfg = Release|Any CPU
		{FBAA139A-4A67-4CFF-8C12-91670E89A34C}.Release|Any CPU.Build.0 = Release|Any CPU
		{FBAA139A-4A67-4CFF-8C12-91670E89A34C}.Release|Any CPU.Deploy.0 = Release|Any CPU
		{FBAA139A-4A67-4CFF-8C12-91670E89A34C}.Release|iPhone.ActiveCfg = Release|Any CPU
		{FBAA139A-4A67-4CFF-8C12-91670E89A34C}.Release|iPhone.Build.0 = Release|Any CPU
		{FBAA139A-4A67-4CFF-8C12-91670E89A34C}.Release|iPhone.Deploy.0 = Release|Any CPU
		{FBAA139A-4A67-4CFF-8C12-91670E89A34C}.Release|iPhoneSimulator.ActiveCfg = Release|Any CPU
		{FBAA139A-4A67-4CFF-8C12-91670E89A34C}.Release|iPhoneSimulator.Build.0 = Release|Any CPU
		{FBAA139A-4A67-4CFF-8C12-91670E89A34C}.Release|iPhoneSimulator.Deploy.0 = Release|Any CPU
		{EA8F7D94-4C9C-410E-95BF-E9C0400DCBB4}.Ad-Hoc|Any CPU.ActiveCfg = Release|Any CPU
		{EA8F7D94-4C9C-410E-95BF-E9C0400DCBB4}.Ad-Hoc|Any CPU.Build.0 = Release|Any CPU
		{EA8F7D94-4C9C-410E-95BF-E9C0400DCBB4}.Ad-Hoc|iPhone.ActiveCfg = Release|Any CPU
		{EA8F7D94-4C9C-410E-95BF-E9C0400DCBB4}.Ad-Hoc|iPhone.Build.0 = Release|Any CPU
		{EA8F7D94-4C9C-410E-95BF-E9C0400DCBB4}.Ad-Hoc|iPhoneSimulator.ActiveCfg = Release|Any CPU
		{EA8F7D94-4C9C-410E-95BF-E9C0400DCBB4}.Ad-Hoc|iPhoneSimulator.Build.0 = Release|Any CPU
		{EA8F7D94-4C9C-410E-95BF-E9C0400DCBB4}.AppStore|Any CPU.ActiveCfg = Release|Any CPU
		{EA8F7D94-4C9C-410E-95BF-E9C0400DCBB4}.AppStore|Any CPU.Build.0 = Release|Any CPU
		{EA8F7D94-4C9C-410E-95BF-E9C0400DCBB4}.AppStore|iPhone.ActiveCfg = Release|Any CPU
		{EA8F7D94-4C9C-410E-95BF-E9C0400DCBB4}.AppStore|iPhone.Build.0 = Release|Any CPU
		{EA8F7D94-4C9C-410E-95BF-E9C0400DCBB4}.AppStore|iPhoneSimulator.ActiveCfg = Release|Any CPU
		{EA8F7D94-4C9C-410E-95BF-E9C0400DCBB4}.AppStore|iPhoneSimulator.Build.0 = Release|Any CPU
		{EA8F7D94-4C9C-410E-95BF-E9C0400DCBB4}.Debug|Any CPU.ActiveCfg = Debug|Any CPU
		{EA8F7D94-4C9C-410E-95BF-E9C0400DCBB4}.Debug|Any CPU.Build.0 = Debug|Any CPU
		{EA8F7D94-4C9C-410E-95BF-E9C0400DCBB4}.Debug|iPhone.ActiveCfg = Debug|Any CPU
		{EA8F7D94-4C9C-410E-95BF-E9C0400DCBB4}.Debug|iPhone.Build.0 = Debug|Any CPU
		{EA8F7D94-4C9C-410E-95BF-E9C0400DCBB4}.Debug|iPhoneSimulator.ActiveCfg = Debug|Any CPU
		{EA8F7D94-4C9C-410E-95BF-E9C0400DCBB4}.Debug|iPhoneSimulator.Build.0 = Debug|Any CPU
		{EA8F7D94-4C9C-410E-95BF-E9C0400DCBB4}.Release|Any CPU.ActiveCfg = Release|Any CPU
		{EA8F7D94-4C9C-410E-95BF-E9C0400DCBB4}.Release|Any CPU.Build.0 = Release|Any CPU
		{EA8F7D94-4C9C-410E-95BF-E9C0400DCBB4}.Release|iPhone.ActiveCfg = Release|Any CPU
		{EA8F7D94-4C9C-410E-95BF-E9C0400DCBB4}.Release|iPhone.Build.0 = Release|Any CPU
		{EA8F7D94-4C9C-410E-95BF-E9C0400DCBB4}.Release|iPhoneSimulator.ActiveCfg = Release|Any CPU
		{EA8F7D94-4C9C-410E-95BF-E9C0400DCBB4}.Release|iPhoneSimulator.Build.0 = Release|Any CPU
		{20AAB0AB-7CE5-4767-AF69-0190D3D92A95}.Ad-Hoc|Any CPU.ActiveCfg = Ad-Hoc|iPhone
		{20AAB0AB-7CE5-4767-AF69-0190D3D92A95}.Ad-Hoc|iPhone.ActiveCfg = Ad-Hoc|iPhone
		{20AAB0AB-7CE5-4767-AF69-0190D3D92A95}.Ad-Hoc|iPhone.Build.0 = Ad-Hoc|iPhone
		{20AAB0AB-7CE5-4767-AF69-0190D3D92A95}.Ad-Hoc|iPhoneSimulator.ActiveCfg = Ad-Hoc|iPhoneSimulator
		{20AAB0AB-7CE5-4767-AF69-0190D3D92A95}.Ad-Hoc|iPhoneSimulator.Build.0 = Ad-Hoc|iPhoneSimulator
		{20AAB0AB-7CE5-4767-AF69-0190D3D92A95}.AppStore|Any CPU.ActiveCfg = AppStore|iPhone
		{20AAB0AB-7CE5-4767-AF69-0190D3D92A95}.AppStore|iPhone.ActiveCfg = AppStore|iPhone
		{20AAB0AB-7CE5-4767-AF69-0190D3D92A95}.AppStore|iPhone.Build.0 = AppStore|iPhone
		{20AAB0AB-7CE5-4767-AF69-0190D3D92A95}.AppStore|iPhoneSimulator.ActiveCfg = AppStore|iPhoneSimulator
		{20AAB0AB-7CE5-4767-AF69-0190D3D92A95}.AppStore|iPhoneSimulator.Build.0 = AppStore|iPhoneSimulator
		{20AAB0AB-7CE5-4767-AF69-0190D3D92A95}.Debug|Any CPU.ActiveCfg = Debug|iPhone
		{20AAB0AB-7CE5-4767-AF69-0190D3D92A95}.Debug|iPhone.ActiveCfg = Debug|iPhone
		{20AAB0AB-7CE5-4767-AF69-0190D3D92A95}.Debug|iPhone.Build.0 = Debug|iPhone
		{20AAB0AB-7CE5-4767-AF69-0190D3D92A95}.Debug|iPhoneSimulator.ActiveCfg = Debug|iPhoneSimulator
		{20AAB0AB-7CE5-4767-AF69-0190D3D92A95}.Debug|iPhoneSimulator.Build.0 = Debug|iPhoneSimulator
		{20AAB0AB-7CE5-4767-AF69-0190D3D92A95}.Release|Any CPU.ActiveCfg = Release|iPhone
		{20AAB0AB-7CE5-4767-AF69-0190D3D92A95}.Release|iPhone.ActiveCfg = Release|iPhone
		{20AAB0AB-7CE5-4767-AF69-0190D3D92A95}.Release|iPhone.Build.0 = Release|iPhone
		{20AAB0AB-7CE5-4767-AF69-0190D3D92A95}.Release|iPhoneSimulator.ActiveCfg = Release|iPhoneSimulator
		{20AAB0AB-7CE5-4767-AF69-0190D3D92A95}.Release|iPhoneSimulator.Build.0 = Release|iPhoneSimulator
	EndGlobalSection
	GlobalSection(SolutionProperties) = preSolution
		HideSolutionNode = FALSE
	EndGlobalSection
	GlobalSection(ExtensibilityGlobals) = postSolution
		SolutionGuid = {9911EDFF-EBC2-4506-98AA-4AEAC57F8474}
	EndGlobalSection
EndGlobal
